
Microsoft Visual Studio Solution File, Format Version 12.00
# Visual Studio Version 17
VisualStudioVersion = 17.5.002.0
MinimumVisualStudioVersion = 10.0.40219.1
Project("{9A19103F-16F7-4668-BE54-9A1E7A4F7556}") = "TaskTwo", "TaskTwo.csproj", "{2A7D040C-A81A-484A-8693-B1E6F864DC59}"
EndProject
Global
	GlobalSection(SolutionConfigurationPlatforms) = preSolution
		Debug|Any CPU = Debug|Any CPU
		Release|Any CPU = Release|Any CPU
	EndGlobalSection
	GlobalSection(ProjectConfigurationPlatforms) = postSolution
		{2A7D040C-A81A-484A-8693-B1E6F864DC59}.Debug|Any CPU.ActiveCfg = Debug|Any CPU
		{2A7D040C-A81A-484A-8693-B1E6F864DC59}.Debug|Any CPU.Build.0 = Debug|Any CPU
		{2A7D040C-A81A-484A-8693-B1E6F864DC59}.Release|Any CPU.ActiveCfg = Release|Any CPU
		{2A7D040C-A81A-484A-8693-B1E6F864DC59}.Release|Any CPU.Build.0 = Release|Any CPU
	EndGlobalSection
	GlobalSection(SolutionProperties) = preSolution
		HideSolutionNode = FALSE
	EndGlobalSection
	GlobalSection(ExtensibilityGlobals) = postSolution
		SolutionGuid = {1C1D4BBF-B201-4394-B76F-C0B8F1C3EEBD}
	EndGlobalSection
EndGlobal
